
Microsoft Visual Studio Solution File, Format Version 12.00
# Visual Studio Version 17
VisualStudioVersion = 17.5.2.0
MinimumVisualStudioVersion = 10.0.40219.1
Project("{FAE04EC0-301F-11D3-BF4B-00C04F79EFBC}") = "TaskNumber1", "TaskNumber1\TaskNumber1.csproj", "{8987F0B4-CB58-D50B-7ACB-A69D3EA6EE0D}"
EndProject
Project("{FAE04EC0-301F-11D3-BF4B-00C04F79EFBC}") = "PathFinderTests", "PathFinderTests\PathFinderTests.csproj", "{C360889C-DD76-4C42-BE5D-DC0851452ACF}"
EndProject
Global
	GlobalSection(SolutionConfigurationPlatforms) = preSolution
		Debug|Any CPU = Debug|Any CPU
		Debug|x64 = Debug|x64
		Debug|x86 = Debug|x86
		Release|Any CPU = Release|Any CPU
		Release|x64 = Release|x64
		Release|x86 = Release|x86
	EndGlobalSection
	GlobalSection(ProjectConfigurationPlatforms) = postSolution
		{8987F0B4-CB58-D50B-7ACB-A69D3EA6EE0D}.Debug|Any CPU.ActiveCfg = Debug|Any CPU
		{8987F0B4-CB58-D50B-7ACB-A69D3EA6EE0D}.Debug|Any CPU.Build.0 = Debug|Any CPU
		{8987F0B4-CB58-D50B-7ACB-A69D3EA6EE0D}.Debug|x64.ActiveCfg = Debug|Any CPU
		{8987F0B4-CB58-D50B-7ACB-A69D3EA6EE0D}.Debug|x64.Build.0 = Debug|Any CPU
		{8987F0B4-CB58-D50B-7ACB-A69D3EA6EE0D}.Debug|x86.ActiveCfg = Debug|Any CPU
		{8987F0B4-CB58-D50B-7ACB-A69D3EA6EE0D}.Debug|x86.Build.0 = Debug|Any CPU
		{8987F0B4-CB58-D50B-7ACB-A69D3EA6EE0D}.Release|Any CPU.ActiveCfg = Release|Any CPU
		{8987F0B4-CB58-D50B-7ACB-A69D3EA6EE0D}.Release|Any CPU.Build.0 = Release|Any CPU
		{8987F0B4-CB58-D50B-7ACB-A69D3EA6EE0D}.Release|x64.ActiveCfg = Release|Any CPU
		{8987F0B4-CB58-D50B-7ACB-A69D3EA6EE0D}.Release|x64.Build.0 = Release|Any CPU
		{8987F0B4-CB58-D50B-7ACB-A69D3EA6EE0D}.Release|x86.ActiveCfg = Release|Any CPU
		{8987F0B4-CB58-D50B-7ACB-A69D3EA6EE0D}.Release|x86.Build.0 = Release|Any CPU
		{C360889C-DD76-4C42-BE5D-DC0851452ACF}.Debug|Any CPU.ActiveCfg = Debug|Any CPU
		{C360889C-DD76-4C42-BE5D-DC0851452ACF}.Debug|Any CPU.Build.0 = Debug|Any CPU
		{C360889C-DD76-4C42-BE5D-DC0851452ACF}.Debug|x64.ActiveCfg = Debug|Any CPU
		{C360889C-DD76-4C42-BE5D-DC0851452ACF}.Debug|x64.Build.0 = Debug|Any CPU
		{C360889C-DD76-4C42-BE5D-DC0851452ACF}.Debug|x86.ActiveCfg = Debug|Any CPU
		{C360889C-DD76-4C42-BE5D-DC0851452ACF}.Debug|x86.Build.0 = Debug|Any CPU
		{C360889C-DD76-4C42-BE5D-DC0851452ACF}.Release|Any CPU.ActiveCfg = Release|Any CPU
		{C360889C-DD76-4C42-BE5D-DC0851452ACF}.Release|Any CPU.Build.0 = Release|Any CPU
		{C360889C-DD76-4C42-BE5D-DC0851452ACF}.Release|x64.ActiveCfg = Release|Any CPU
		{C360889C-DD76-4C42-BE5D-DC0851452ACF}.Release|x64.Build.0 = Release|Any CPU
		{C360889C-DD76-4C42-BE5D-DC0851452ACF}.Release|x86.ActiveCfg = Release|Any CPU
		{C360889C-DD76-4C42-BE5D-DC0851452ACF}.Release|x86.Build.0 = Release|Any CPU
	EndGlobalSection
	GlobalSection(SolutionProperties) = preSolution
		HideSolutionNode = FALSE
	EndGlobalSection
	GlobalSection(ExtensibilityGlobals) = postSolution
		SolutionGuid = {AAD69602-1DB0-4DCE-BD33-0BF23ED80B2E}
	EndGlobalSection
EndGlobal
